
Microsoft Visual Studio Solution File, Format Version 12.00
# Visual Studio Version 16
VisualStudioVersion = 16.0.31410.357
MinimumVisualStudioVersion = 10.0.40219.1
Project("{FAE04EC0-301F-11D3-BF4B-00C04F79EFBC}") = "PIrateBook", "PIrateBook.csproj", "{EF2A5BF5-829E-4B65-A7AA-4D9B1BDC2C47}"
EndProject
Global
	GlobalSection(SolutionConfigurationPlatforms) = preSolution
		Debug|Any CPU = Debug|Any CPU
		Release|Any CPU = Release|Any CPU
	EndGlobalSection
	GlobalSection(ProjectConfigurationPlatforms) = postSolution
		{EF2A5BF5-829E-4B65-A7AA-4D9B1BDC2C47}.Debug|Any CPU.ActiveCfg = Debug|Any CPU
		{EF2A5BF5-829E-4B65-A7AA-4D9B1BDC2C47}.Debug|Any CPU.Build.0 = Debug|Any CPU
		{EF2A5BF5-829E-4B65-A7AA-4D9B1BDC2C47}.Release|Any CPU.ActiveCfg = Release|Any CPU
		{EF2A5BF5-829E-4B65-A7AA-4D9B1BDC2C47}.Release|Any CPU.Build.0 = Release|Any CPU
	EndGlobalSection
	GlobalSection(SolutionProperties) = preSolution
		HideSolutionNode = FALSE
	EndGlobalSection
	GlobalSection(ExtensibilityGlobals) = postSolution
		SolutionGuid = {86B31CA3-AC4B-4CDD-B572-EBF0F5723D84}
	EndGlobalSection
EndGlobal
